
Microsoft Visual Studio Solution File, Format Version 12.00
# Visual Studio 15
VisualStudioVersion = 15.0.27703.2035
MinimumVisualStudioVersion = 10.0.40219.1
Project("{FAE04EC0-301F-11D3-BF4B-00C04F79EFBC}") = "TH.CoreApi", "TH.CoreApi\TH.CoreApi.csproj", "{1DE4D824-2B1B-4C01-A2B4-55EB6A84227C}"
EndProject
Global
	GlobalSection(SolutionConfigurationPlatforms) = preSolution
		Debug|Any CPU = Debug|Any CPU
		Release|Any CPU = Release|Any CPU
	EndGlobalSection
	GlobalSection(ProjectConfigurationPlatforms) = postSolution
		{1DE4D824-2B1B-4C01-A2B4-55EB6A84227C}.Debug|Any CPU.ActiveCfg = Debug|Any CPU
		{1DE4D824-2B1B-4C01-A2B4-55EB6A84227C}.Debug|Any CPU.Build.0 = Debug|Any CPU
		{1DE4D824-2B1B-4C01-A2B4-55EB6A84227C}.Release|Any CPU.ActiveCfg = Release|Any CPU
		{1DE4D824-2B1B-4C01-A2B4-55EB6A84227C}.Release|Any CPU.Build.0 = Release|Any CPU
	EndGlobalSection
	GlobalSection(SolutionProperties) = preSolution
		HideSolutionNode = FALSE
	EndGlobalSection
	GlobalSection(ExtensibilityGlobals) = postSolution
		SolutionGuid = {1D578168-58CD-4A8C-A480-46507EFCBBA2}
	EndGlobalSection
EndGlobal
